
Microsoft Visual Studio Solution File, Format Version 12.00
# Visual Studio Version 17
VisualStudioVersion = 17.6.33815.320
MinimumVisualStudioVersion = 10.0.40219.1
Project("{FAE04EC0-301F-11D3-BF4B-00C04F79EFBC}") = "EmployeePerformanceReview", "EmployeePerformanceReview.csproj", "{CF9438AF-CEDD-4BA5-A1DD-39ED22DBD784}"
EndProject
Global
	GlobalSection(SolutionConfigurationPlatforms) = preSolution
		Debug|Any CPU = Debug|Any CPU
		Release|Any CPU = Release|Any CPU
	EndGlobalSection
	GlobalSection(ProjectConfigurationPlatforms) = postSolution
		{CF9438AF-CEDD-4BA5-A1DD-39ED22DBD784}.Debug|Any CPU.ActiveCfg = Debug|Any CPU
		{CF9438AF-CEDD-4BA5-A1DD-39ED22DBD784}.Debug|Any CPU.Build.0 = Debug|Any CPU
		{CF9438AF-CEDD-4BA5-A1DD-39ED22DBD784}.Release|Any CPU.ActiveCfg = Release|Any CPU
		{CF9438AF-CEDD-4BA5-A1DD-39ED22DBD784}.Release|Any CPU.Build.0 = Release|Any CPU
	EndGlobalSection
	GlobalSection(SolutionProperties) = preSolution
		HideSolutionNode = FALSE
	EndGlobalSection
	GlobalSection(ExtensibilityGlobals) = postSolution
		SolutionGuid = {4D9CCE6A-0C91-4567-87D4-EE83299FF8BE}
	EndGlobalSection
EndGlobal
